Microsoft Visual Studio Solution File, Format Version 12.00
# Visual Studio Version 17
VisualStudioVersion = 17.5.2.0
MinimumVisualStudioVersion = 10.0.40219.1
Project("{2150E333-8FDC-42A3-9474-1A3956D46DE8}") = "connect-your-model-cli", "connect-your-model-cli", "{E9D11FC9-1019-B4CF-6894-DDA4AC5C36F8}"
EndProject
Project("{2150E333-8FDC-42A3-9474-1A3956D46DE8}") = "highs", "highs", "{0CD3FF89-BA86-DD5E-68C6-DD0D8FFDA9E4}"
EndProject
Project("{2150E333-8FDC-42A3-9474-1A3956D46DE8}") = "original", "original", "{63692B7C-F35C-96C4-F70D-3165C4953AE9}"
EndProject
Project("{2150E333-8FDC-42A3-9474-1A3956D46DE8}") = "HiGHS", "HiGHS", "{64F763DA-5F12-D012-0E90-5A6B37DAFCA2}"
EndProject
Project("{FAE04EC0-301F-11D3-BF4B-00C04F79EFBC}") = "Highs", "connect-your-model-cli\highs\original\HiGHS\nuget\Highs.csproj", "{5576E1F0-F7C5-DE3C-F279-4D281EDC6A9B}"
EndProject
Project("{2150E333-8FDC-42A3-9474-1A3956D46DE8}") = "nextmv-ified", "nextmv-ified", "{F8684D72-882A-4BC4-A27C-A9B05CAFD47F}"
EndProject
Project("{2150E333-8FDC-42A3-9474-1A3956D46DE8}") = "HiGHS", "HiGHS", "{5945FF9D-A333-EC06-FD03-A2BFE85E076A}"
EndProject
Project("{FAE04EC0-301F-11D3-BF4B-00C04F79EFBC}") = "Highs", "connect-your-model-cli\highs\nextmv-ified\HiGHS\nuget\Highs.csproj", "{B838FF97-0933-4120-15CE-D9C3273B4D41}"
EndProject
Global
	GlobalSection(SolutionConfigurationPlatforms) = preSolution
		Debug|Any CPU = Debug|Any CPU
		Release|Any CPU = Release|Any CPU
	EndGlobalSection
	GlobalSection(ProjectConfigurationPlatforms) = postSolution
		{5576E1F0-F7C5-DE3C-F279-4D281EDC6A9B}.Debug|Any CPU.ActiveCfg = Debug|Any CPU
		{5576E1F0-F7C5-DE3C-F279-4D281EDC6A9B}.Debug|Any CPU.Build.0 = Debug|Any CPU
		{5576E1F0-F7C5-DE3C-F279-4D281EDC6A9B}.Release|Any CPU.ActiveCfg = Release|Any CPU
		{5576E1F0-F7C5-DE3C-F279-4D281EDC6A9B}.Release|Any CPU.Build.0 = Release|Any CPU
		{B838FF97-0933-4120-15CE-D9C3273B4D41}.Debug|Any CPU.ActiveCfg = Debug|Any CPU
		{B838FF97-0933-4120-15CE-D9C3273B4D41}.Debug|Any CPU.Build.0 = Debug|Any CPU
		{B838FF97-0933-4120-15CE-D9C3273B4D41}.Release|Any CPU.ActiveCfg = Release|Any CPU
		{B838FF97-0933-4120-15CE-D9C3273B4D41}.Release|Any CPU.Build.0 = Release|Any CPU
	EndGlobalSection
	GlobalSection(SolutionProperties) = preSolution
		HideSolutionNode = FALSE
	EndGlobalSection
	GlobalSection(NestedProjects) = preSolution
		{0CD3FF89-BA86-DD5E-68C6-DD0D8FFDA9E4} = {E9D11FC9-1019-B4CF-6894-DDA4AC5C36F8}
		{63692B7C-F35C-96C4-F70D-3165C4953AE9} = {0CD3FF89-BA86-DD5E-68C6-DD0D8FFDA9E4}
		{64F763DA-5F12-D012-0E90-5A6B37DAFCA2} = {63692B7C-F35C-96C4-F70D-3165C4953AE9}
		{5576E1F0-F7C5-DE3C-F279-4D281EDC6A9B} = {64F763DA-5F12-D012-0E90-5A6B37DAFCA2}
		{F8684D72-882A-4BC4-A27C-A9B05CAFD47F} = {0CD3FF89-BA86-DD5E-68C6-DD0D8FFDA9E4}
		{5945FF9D-A333-EC06-FD03-A2BFE85E076A} = {F8684D72-882A-4BC4-A27C-A9B05CAFD47F}
		{B838FF97-0933-4120-15CE-D9C3273B4D41} = {5945FF9D-A333-EC06-FD03-A2BFE85E076A}
	EndGlobalSection
	GlobalSection(ExtensibilityGlobals) = postSolution
		SolutionGuid = {7A1C951C-5D65-4FB8-8D49-59B2B0A0208C}
	EndGlobalSection
EndGlobal
